<?xml version="1.0" encoding="utf-8"?>
<Project ToolsVersion="4.0" xmlns="http://schemas.microsoft.com/developer/msbuild/2003">
  <ItemGroup>
    <Filter Include="Source Files">
      <UniqueIdentifier>{4FC737F1-C7A5-4376-A066-2A32D752A2FF}</UniqueIdentifier>
      <Extensions>cpp;c;cc;cxx;def;odl;idl;hpj;bat;asm;asmx</Extensions>
    </Filter>
    <Filter Include="Header Files">
      <UniqueIdentifier>{93995380-89BD-4b04-88EB-625FBE52EBFB}</UniqueIdentifier>
      <Extensions>h;hh;hpp;hxx;hm;inl;inc;xsd</Extensions>
    </Filter>
    <Filter Include="Resource Files">
      <UniqueIdentifier>{67DA6AB6-F800-4c08-8B7A-83BB121AAD01}</UniqueIdentifier>
      <Extensions>rc;ico;cur;bmp;dlg;rc2;rct;bin;rgs;gif;jpg;jpeg;jpe;resx;tiff;tif;png;wav</Extensions>
    </Filter>
  </ItemGroup>
  <ItemGroup>
    <ClCompile Include="barragegame\main.cpp">
      <Filter>Source Files</Filter>
    </ClCompile>
    <ClCompile Include="barragegame\pch.cpp">
      <Filter>Source Files</Filter>
    </ClCompile>
    <ClCompile Include="barragegame\algorithm\CollisionDetection.cpp">
      <Filter>Source Files</Filter>
    </ClCompile>
    <ClCompile Include="barragegame\core\MMTimer.cpp">
      <Filter>Source Files</Filter>
    </ClCompile>
    <ClCompile Include="barragegame\core\Timer.cpp">
      <Filter>Source Files</Filter>
    </ClCompile>
    <ClCompile Include="barragegame\game\GameIntroduction.cpp">
      <Filter>Source Files</Filter>
    </ClCompile>
    <ClCompile Include="barragegame\game\GameManager.cpp">
      <Filter>Source Files</Filter>
    </ClCompile>
    <ClCompile Include="barragegame\game\GameTips.cpp">
      <Filter>Source Files</Filter>
    </ClCompile>
    <ClCompile Include="barragegame\input\KeyboardInput.cpp">
      <Filter>Source Files</Filter>
    </ClCompile>
    <ClCompile Include="barragegame\input\MouseInput.cpp">
      <Filter>Source Files</Filter>
    </ClCompile>
    <ClCompile Include="barragegame\object\Debuff.cpp">
      <Filter>Source Files</Filter>
    </ClCompile>
    <ClCompile Include="barragegame\object\Object.cpp">
      <Filter>Source Files</Filter>
    </ClCompile>
    <ClCompile Include="barragegame\object\effectsmanager\EffectsManager.cpp">
      <Filter>Source Files</Filter>
    </ClCompile>
    <ClCompile Include="barragegame\object\effectsmanager\ExplodeCircle.cpp">
      <Filter>Source Files</Filter>
    </ClCompile>
    <ClCompile Include="barragegame\object\enemyincubator\DogFace.cpp">
      <Filter>Source Files</Filter>
    </ClCompile>
    <ClCompile Include="barragegame\object\enemyincubator\EnemyIncubator.cpp">
      <Filter>Source Files</Filter>
    </ClCompile>
    <ClCompile Include="barragegame\object\module\CircleModule.cpp">
      <Filter>Source Files</Filter>
    </ClCompile>
    <ClCompile Include="barragegame\object\module\Module.cpp">
      <Filter>Source Files</Filter>
    </ClCompile>
    <ClCompile Include="barragegame\object\module\RectangleModule.cpp">
      <Filter>Source Files</Filter>
    </ClCompile>
    <ClCompile Include="barragegame\object\player\Player.cpp">
      <Filter>Source Files</Filter>
    </ClCompile>
    <ClCompile Include="barragegame\object\scene\CombatScene.cpp">
      <Filter>Source Files</Filter>
    </ClCompile>
    <ClCompile Include="barragegame\object\scene\FirstInterface.cpp">
      <Filter>Source Files</Filter>
    </ClCompile>
    <ClCompile Include="barragegame\object\scene\Scene.cpp">
      <Filter>Source Files</Filter>
    </ClCompile>
    <ClCompile Include="barragegame\object\skillmanager\Skill.cpp">
      <Filter>Source Files</Filter>
    </ClCompile>
    <ClCompile Include="barragegame\object\skillmanager\SkillManager.cpp">
      <Filter>Source Files</Filter>
    </ClCompile>
    <ClCompile Include="barragegame\object\skillmanager\Snatch.cpp">
      <Filter>Source Files</Filter>
    </ClCompile>
    <ClCompile Include="barragegame\object\weaponmanager\BleManager.cpp">
      <Filter>Source Files</Filter>
    </ClCompile>
    <ClCompile Include="barragegame\object\weaponmanager\Bullet.cpp">
      <Filter>Source Files</Filter>
    </ClCompile>
    <ClCompile Include="barragegame\object\weaponmanager\Enemy.cpp">
      <Filter>Source Files</Filter>
    </ClCompile>
    <ClCompile Include="barragegame\object\weaponmanager\GmsManager.cpp">
      <Filter>Source Files</Filter>
    </ClCompile>
    <ClCompile Include="barragegame\object\weaponmanager\GuidedMissile.cpp">
      <Filter>Source Files</Filter>
    </ClCompile>
    <ClCompile Include="barragegame\object\weaponmanager\Laser.cpp">
      <Filter>Source Files</Filter>
    </ClCompile>
    <ClCompile Include="barragegame\object\weaponmanager\Weapon.cpp">
      <Filter>Source Files</Filter>
    </ClCompile>
    <ClCompile Include="barragegame\object\weaponmanager\WeaponManager.cpp">
      <Filter>Source Files</Filter>
    </ClCompile>
    <ClCompile Include="barragegame\path\Path.cpp">
      <Filter>Source Files</Filter>
    </ClCompile>
    <ClCompile Include="barragegame\path\PathFile.cpp">
      <Filter>Source Files</Filter>
    </ClCompile>
    <ClCompile Include="barragegame\path\Point.cpp">
      <Filter>Source Files</Filter>
    </ClCompile>
    <ClCompile Include="barragegame\ui\FPS.cpp">
      <Filter>Source Files</Filter>
    </ClCompile>
  </ItemGroup>
  <ItemGroup>
    <ClInclude Include="barragegame\pch.h">
      <Filter>Header Files</Filter>
    </ClInclude>
    <ClInclude Include="barragegame\resource.h">
      <Filter>Header Files</Filter>
    </ClInclude>
    <ClInclude Include="barragegame\algorithm\CollisionDetection.h">
      <Filter>Header Files</Filter>
    </ClInclude>
    <ClInclude Include="barragegame\core\ConstValue.h">
      <Filter>Header Files</Filter>
    </ClInclude>
    <ClInclude Include="barragegame\core\MMTimer.h">
      <Filter>Header Files</Filter>
    </ClInclude>
    <ClInclude Include="barragegame\core\Timer.h">
      <Filter>Header Files</Filter>
    </ClInclude>
    <ClInclude Include="barragegame\game\GameIntroduction.h">
      <Filter>Header Files</Filter>
    </ClInclude>
    <ClInclude Include="barragegame\game\GameManager.h">
      <Filter>Header Files</Filter>
    </ClInclude>
    <ClInclude Include="barragegame\game\GameTips.h">
      <Filter>Header Files</Filter>
    </ClInclude>
    <ClInclude Include="barragegame\input\KeyboardInput.h">
      <Filter>Header Files</Filter>
    </ClInclude>
    <ClInclude Include="barragegame\input\MouseInput.h">
      <Filter>Header Files</Filter>
    </ClInclude>
    <ClInclude Include="barragegame\object\Debuff.h">
      <Filter>Header Files</Filter>
    </ClInclude>
    <ClInclude Include="barragegame\object\Object.h">
      <Filter>Header Files</Filter>
    </ClInclude>
    <ClInclude Include="barragegame\object\effectsmanager\EffectsManager.h">
      <Filter>Header Files</Filter>
    </ClInclude>
    <ClInclude Include="barragegame\object\effectsmanager\ExplodeCircle.h">
      <Filter>Header Files</Filter>
    </ClInclude>
    <ClInclude Include="barragegame\object\enemyincubator\DogFace.h">
      <Filter>Header Files</Filter>
    </ClInclude>
    <ClInclude Include="barragegame\object\enemyincubator\Enemy.h">
      <Filter>Header Files</Filter>
    </ClInclude>
    <ClInclude Include="barragegame\object\enemyincubator\EnemyIncubator.h">
      <Filter>Header Files</Filter>
    </ClInclude>
    <ClInclude Include="barragegame\object\module\CircleModule.h">
      <Filter>Header Files</Filter>
    </ClInclude>
    <ClInclude Include="barragegame\object\module\Module.h">
      <Filter>Header Files</Filter>
    </ClInclude>
    <ClInclude Include="barragegame\object\module\RectangleModule.h">
      <Filter>Header Files</Filter>
    </ClInclude>
    <ClInclude Include="barragegame\object\player\Player.h">
      <Filter>Header Files</Filter>
    </ClInclude>
    <ClInclude Include="barragegame\object\scene\CombatScene.h">
      <Filter>Header Files</Filter>
    </ClInclude>
    <ClInclude Include="barragegame\object\scene\FirstInterface.h">
      <Filter>Header Files</Filter>
    </ClInclude>
    <ClInclude Include="barragegame\object\scene\Scene.h">
      <Filter>Header Files</Filter>
    </ClInclude>
    <ClInclude Include="barragegame\object\skillmanager\Skill.h">
      <Filter>Header Files</Filter>
    </ClInclude>
    <ClInclude Include="barragegame\object\skillmanager\SkillManager.h">
      <Filter>Header Files</Filter>
    </ClInclude>
    <ClInclude Include="barragegame\object\skillmanager\Snatch.h">
      <Filter>Header Files</Filter>
    </ClInclude>
    <ClInclude Include="barragegame\object\weaponmanager\BleManager.h">
      <Filter>Header Files</Filter>
    </ClInclude>
    <ClInclude Include="barragegame\object\weaponmanager\Bullet.h">
      <Filter>Header Files</Filter>
    </ClInclude>
    <ClInclude Include="barragegame\object\weaponmanager\GmsManager.h">
      <Filter>Header Files</Filter>
    </ClInclude>
    <ClInclude Include="barragegame\object\weaponmanager\GuidedMissile.h">
      <Filter>Header Files</Filter>
    </ClInclude>
    <ClInclude Include="barragegame\object\weaponmanager\Laser.h">
      <Filter>Header Files</Filter>
    </ClInclude>
    <ClInclude Include="barragegame\object\weaponmanager\Weapon.h">
      <Filter>Header Files</Filter>
    </ClInclude>
    <ClInclude Include="barragegame\object\weaponmanager\WeaponManager.h">
      <Filter>Header Files</Filter>
    </ClInclude>
    <ClInclude Include="barragegame\path\Path.h">
      <Filter>Header Files</Filter>
    </ClInclude>
    <ClInclude Include="barragegame\path\PathFile.h">
      <Filter>Header Files</Filter>
    </ClInclude>
    <ClInclude Include="barragegame\path\Point.h">
      <Filter>Header Files</Filter>
    </ClInclude>
    <ClInclude Include="barragegame\ui\FPS.h">
      <Filter>Header Files</Filter>
    </ClInclude>
  </ItemGroup>
</Project>